dependencies:
  esp-idf-lib/ads111x:
    component_hash: 
      fd18497adfb7210d750188986bc7cebc048db36abb64fdbe7216d4536083c4a2
    dependencies:
    - name: esp-idf-lib/esp_idf_lib_helpers
      registry_url: https://components.espressif.com
      require: private
      version: '*'
    - name: esp-idf-lib/i2cdev
      registry_url: https://components.espressif.com
      require: private
      version: '*'
    source:
      registry_url: https://components.espressif.com/
      type: service
    targets:
    - esp32
    - esp32c2
    - esp32c3
    - esp32c5
    - esp32c6
    - esp32c61
    - esp32h2
    - esp32p4
    - esp32s2
    - esp32s3
    version: 1.1.14
  esp-idf-lib/esp_idf_lib_helpers:
    component_hash: 
      689853bb8993434f9556af0f2816e808bf77b5d22100144b21f3519993daf237
    dependencies: []
    source:
      registry_url: https://components.espressif.com
      type: service
    targets:
    - esp32
    - esp32c2
    - esp32c3
    - esp32c5
    - esp32c6
    - esp32c61
    - esp32h2
    - esp32p4
    - esp32s2
    - esp32s3
    version: 1.4.0
  esp-idf-lib/i2cdev:
    component_hash: 
      4f3838b2e68ab2b77fd43737139fa97dd0243b46af7b4a04588c67ff6b275ba1
    dependencies:
    - name: esp-idf-lib/esp_idf_lib_helpers
      registry_url: https://components.espressif.com
      require: private
      version: '*'
    source:
      registry_url: https://components.espressif.com
      type: service
    targets:
    - esp32
    - esp32c2
    - esp32c3
    - esp32c5
    - esp32c6
    - esp32c61
    - esp32h2
    - esp32p4
    - esp32s2
    - esp32s3
    version: 2.1.0
  espressif/button:
    component_hash: 
      fccb18c37f1cfe0797b74a53a44d3f400f5fd01f4993b40052dfb7f401915089
    dependencies:
    - name: espressif/cmake_utilities
      registry_url: https://components.espressif.com
      require: private
      version: '*'
    - name: idf
      require: private
      version: '>=4.0'
    source:
      registry_url: https://components.espressif.com/
      type: service
    version: 4.1.5
  espressif/cbor:
    component_hash: 
      dad9ca860963e930366510a10b422b3125a4fb27b979712ed65efcbcd742de50
    dependencies:
    - name: idf
      require: private
      version: '>=5.0'
    source:
      registry_url: https://components.espressif.com/
      type: service
    version: 0.6.1~4
  espressif/cmake_utilities:
    component_hash: 
      05165f30922b422b4b90c08845e6d449329b97370fbd06309803d8cb539d79e3
    dependencies:
    - name: idf
      require: private
      version: '>=4.1'
    source:
      registry_url: https://components.espressif.com
      type: service
    version: 1.1.1
  espressif/esp_daylight:
    component_hash: 
      e27629eb7e12da9e6d01c646e0e4ce6358b977b6f89d4f291a4cc1aea755af94
    dependencies:
    - name: idf
      require: private
      version: '>=5.1'
    source:
      registry_url: https://components.espressif.com
      type: service
    version: 1.0.1
  espressif/esp_diag_data_store:
    component_hash: 
      93f20de81abb791b4482f1bc99afdc24b25c3ee42aacceeb636e9943e677b1c5
    dependencies:
    - name: idf
      require: private
      version: '>=5.1'
    source:
      registry_url: https://components.espressif.com
      type: service
    version: 1.1.0
  espressif/esp_diagnostics:
    component_hash: 
      405803b11fbccfd9c8a26df0b1228081f588ffdb7d1e0c754300e7a2c6241aab
    dependencies:
    - name: espressif/rmaker_common
      registry_url: https://components.espressif.com
      require: private
      version: ~1.5.0
    - name: idf
      require: private
      version: '>=5.1'
    source:
      registry_url: https://components.espressif.com
      type: service
    version: 1.3.0
  espressif/esp_insights:
    component_hash: 
      5a394c1eacddff2dbeff840abb0108ad5f54fb076048520b50c3f4a9b59415fe
    dependencies:
    - name: espressif/cbor
      registry_url: https://components.espressif.com
      require: private
      version: ~0.6
    - name: espressif/esp_diag_data_store
      registry_url: https://components.espressif.com
      require: private
      version: 1.1.0
    - name: espressif/esp_diagnostics
      registry_url: https://components.espressif.com
      require: private
      version: '>=1.3.0'
    - name: espressif/rmaker_common
      registry_url: https://components.espressif.com
      require: private
      version: ~1.5.0
    - name: idf
      require: private
      version: '>=5.1'
    source:
      registry_url: https://components.espressif.com/
      type: service
    version: 1.3.1
  espressif/esp_rainmaker:
    dependencies:
    - name: idf
      version: '>=5.1'
    - name: espressif/mdns
      version: ^1.9.0
    - name: espressif/esp_secure_cert_mgr
      version: ^2.2.1
    - name: espressif/rmaker_common
      version: '>=1.5.3'
    - name: espressif/json_parser
      version: ~1.0.3
    - name: espressif/json_generator
      version: ~1.1.1
    - name: espressif/esp_schedule
      version: ~1.3.2
    - name: espressif/network_provisioning
      version: '>=1.*'
    - name: espressif/cbor
      version: ~0.6
    source:
      path: /opt/esp/esp-rainmaker/components/esp_rainmaker
      type: local
    version: 1.9.2
  espressif/esp_schedule:
    component_hash: 
      024e1ee23cab447e800519f704193cb5b5652297d86811e6e6c653dea42d8bb1
    dependencies:
    - name: espressif/esp_daylight
      registry_url: https://components.espressif.com
      require: private
      version: ~1.0.1
    - name: idf
      require: private
      version: '>=5.1'
    source:
      registry_url: https://components.espressif.com/
      type: service
    version: 1.3.2
  espressif/esp_secure_cert_mgr:
    component_hash: 
      29248e402b2014394228b289a3c02fdb1dc43168ef18fc83449a868dfbc2341f
    dependencies:
    - name: idf
      require: private
      version: '>=4.3'
    source:
      registry_url: https://components.espressif.com/
      type: service
    version: 2.8.0
  espressif/jsmn:
    component_hash: 
      d80350c41bbaa827c98a25b6072df00884e72f54885996fab4a4f0aebce6b6c3
    dependencies:
    - name: idf
      require: private
      version: '>=4.3'
    source:
      registry_url: https://components.espressif.com
      type: service
    version: 1.1.0
  espressif/json_generator:
    component_hash: 
      45033e1c199b13f1c8c1b544fb7d4e2df6a8e3071ebdcb1b22582b61a7974ff2
    dependencies: []
    source:
      registry_url: https://components.espressif.com/
      type: service
    version: 1.1.2
  espressif/json_parser:
    component_hash: 
      d74b81729ad06ec11ff5eb5b1b0d7df1d00e6027fc11471f4b139c70dcf1b1e4
    dependencies:
    - name: espressif/jsmn
      registry_url: https://components.espressif.com
      require: private
      rules:
      - if: idf_version >=5.0
      version: ~1.1
    source:
      registry_url: https://components.espressif.com/
      type: service
    version: 1.0.3
  espressif/led_indicator:
    component_hash: 
      2175d7541321bcc5a5ca528d35b6c30246d3d1910722aa360332ae66dce93bfd
    dependencies:
    - name: espressif/cmake_utilities
      registry_url: https://components.espressif.com
      require: private
      version: '*'
    - name: idf
      require: private
      version: '>=5.0'
    - name: espressif/led_strip
      registry_url: https://components.espressif.com
      require: public
      version: 3.*
    source:
      registry_url: https://components.espressif.com/
      type: service
    version: 2.1.1
  espressif/led_strip:
    component_hash: 
      f0d1b7f93eb3ee57bcfd220656176b0b5616e1947f89ed44364555cf910c4840
    dependencies:
    - name: idf
      require: private
      version: '>=5.0'
    source:
      registry_url: https://components.espressif.com
      type: service
    version: 3.0.2
  espressif/mdns:
    component_hash: 
      29e47564b1a7ee778135e17fbbf2a2773f71c97ebabfe626c8eda7c958a7ad16
    dependencies:
    - name: idf
      require: private
      version: '>=5.0'
    source:
      registry_url: https://components.espressif.com/
      type: service
    version: 1.9.1
  espressif/network_provisioning:
    component_hash: 
      555eb2a32ed8db0e9996dfc781efc15e637bfc14335006b9be68e6fd3b1ca06c
    dependencies:
    - name: espressif/cjson
      registry_url: https://components.espressif.com
      require: private
      rules:
      - if: idf_version >= 6.0
      version: ^1.7.19
    - name: idf
      require: private
      version: '>=5.1'
    source:
      registry_url: https://components.espressif.com/
      type: service
    version: 1.2.2
  espressif/qrcode:
    component_hash: 
      31e70991ce22f28d73a4386417fc9c0993f61e1aab1832474fd9e3db8da9dcbd
    dependencies: []
    source:
      registry_url: https://components.espressif.com/
      type: service
    version: 0.2.0
  espressif/rmaker_app_insights:
    dependencies:
    - name: idf
      version: '>=5.1.0'
    - name: espressif/esp_rainmaker
      version: '>=1.0'
    - name: espressif/esp_insights
      version: ~1.3.0
    source:
      path: /opt/esp/esp-rainmaker/examples/common/rmaker_app_insights
      type: local
    version: 1.0.0
  espressif/rmaker_app_network:
    dependencies:
    - name: idf
      version: '>=5.1.0'
    - name: espressif/qrcode
      version: '*'
    - name: espressif/network_provisioning
      version: ~1.2.1
    source:
      path: /opt/esp/esp-rainmaker/examples/common/rmaker_app_network
      type: local
    version: 1.3.0
  espressif/rmaker_app_reset:
    dependencies:
    - name: idf
      version: '>=5.1.0'
    - name: espressif/button
      version: ^4.1.4
    - name: espressif/rmaker_common
      version: ^1.5.0
    source:
      path: /opt/esp/esp-rainmaker/examples/common/rmaker_app_reset
      type: local
    version: 1.0.0
  espressif/rmaker_common:
    component_hash: 
      842d2aaf486a24f11827a86b1147ee8ac7e1881f45e3d65a2141aff5bcbf276a
    dependencies:
    - name: idf
      require: private
      version: '>=5.1'
    source:
      registry_url: https://components.espressif.com/
      type: service
    version: 1.5.3
  idf:
    source:
      type: idf
    version: 5.4.3
direct_dependencies:
- esp-idf-lib/ads111x
- espressif/button
- espressif/esp_rainmaker
- espressif/led_indicator
- espressif/rmaker_app_insights
- espressif/rmaker_app_network
- espressif/rmaker_app_reset
- idf
manifest_hash: a41ae2dec49caed69ee3687551ee35586e0fb4749ed076d10a7b7d257c1593ae
target: esp32
version: 2.0.0
